github.com/codegangsta/negroni v1.0.0 h1:+aYywywx4bnKXWvoWtRfJ91vC59NbEhEY03sZjQhbVY=
github.com/codegangsta/negroni v1.0.0/go.mod h1:v0y3T5G7Y1UlFfyxFn/QLRU4a2EuNau2iZY63YTKWo0=
github.com/gorilla/mux v1.8.0 h1:i40aqfkR1h2SlN9hojwV5ZA91wcXFOvkdNIeFDP5koI=
github.com/gorilla/mux v1.8.0/go.mod h1:DVbg23sWSpFRCP0SfiEN6jmj59UnW/n46BH5rLB71So=
github.com/xyproto/simpleredis/v2 v2.6.5 h1:PtAz5j2UUACNHx5LetI60dbCsVMhIv1H878bND4VQK4=
github.com/xyproto/simpleredis/v2 v2.6.5/go.mod h1:OrWVubZGr0SbpAjkAQkFn/iiex2AsblBm80uhYxbjQY=

